
Microsoft Visual Studio Solution File, Format Version 12.00
# Visual Studio Version 16
VisualStudioVersion = 16.0.30413.136
MinimumVisualStudioVersion = 10.0.40219.1
Project("{9A19103F-16F7-4668-BE54-9A1E7A4F7556}") = "BlazorAppTemplate", "BlazorAppTemplate\BlazorAppTemplate.csproj", "{08D07747-0321-4209-82CD-1EDC8D0870A3}"
EndProject
Global
	GlobalSection(SolutionConfigurationPlatforms) = preSolution
		Debug|Any CPU = Debug|Any CPU
		Release|Any CPU = Release|Any CPU
	EndGlobalSection
	GlobalSection(ProjectConfigurationPlatforms) = postSolution
		{08D07747-0321-4209-82CD-1EDC8D0870A3}.Debug|Any CPU.ActiveCfg = Debug|Any CPU
		{08D07747-0321-4209-82CD-1EDC8D0870A3}.Debug|Any CPU.Build.0 = Debug|Any CPU
		{08D07747-0321-4209-82CD-1EDC8D0870A3}.Release|Any CPU.ActiveCfg = Release|Any CPU
		{08D07747-0321-4209-82CD-1EDC8D0870A3}.Release|Any CPU.Build.0 = Release|Any CPU
	EndGlobalSection
	GlobalSection(SolutionProperties) = preSolution
		HideSolutionNode = FALSE
	EndGlobalSection
	GlobalSection(ExtensibilityGlobals) = postSolution
		SolutionGuid = {7AE1F4A4-7334-471E-B926-EBC5E20CF75C}
	EndGlobalSection
	GlobalSection(TeamFoundationVersionControl) = preSolution
		SccNumberOfProjects = 2
		SccEnterpriseProvider = {4CA58AB2-18FA-4F8D-95D4-32DDF27D184C}
		SccTeamFoundationServer = https://chanmmn.visualstudio.com/
		SccLocalPath0 = .
		SccProjectUniqueName1 = BlazorAppTemplate\\BlazorAppTemplate.csproj
		SccProjectName1 = BlazorAppTemplate
		SccLocalPath1 = BlazorAppTemplate
	EndGlobalSection
EndGlobal
