
Microsoft Visual Studio Solution File, Format Version 12.00
# Visual Studio Version 16
VisualStudioVersion = 16.0.31129.286
MinimumVisualStudioVersion = 10.0.40219.1
Project("{FAE04EC0-301F-11D3-BF4B-00C04F79EFBC}") = "TemplateComponent", "TemplateComponent\TemplateComponent.csproj", "{538D99A6-2ABF-4493-A148-B6DF8A3D5C7E}"
EndProject
Global
	GlobalSection(SolutionConfigurationPlatforms) = preSolution
		Debug|Any CPU = Debug|Any CPU
		Release|Any CPU = Release|Any CPU
	EndGlobalSection
	GlobalSection(ProjectConfigurationPlatforms) = postSolution
		{538D99A6-2ABF-4493-A148-B6DF8A3D5C7E}.Debug|Any CPU.ActiveCfg = Debug|Any CPU
		{538D99A6-2ABF-4493-A148-B6DF8A3D5C7E}.Debug|Any CPU.Build.0 = Debug|Any CPU
		{538D99A6-2ABF-4493-A148-B6DF8A3D5C7E}.Release|Any CPU.ActiveCfg = Release|Any CPU
		{538D99A6-2ABF-4493-A148-B6DF8A3D5C7E}.Release|Any CPU.Build.0 = Release|Any CPU
	EndGlobalSection
	GlobalSection(SolutionProperties) = preSolution
		HideSolutionNode = FALSE
	EndGlobalSection
	GlobalSection(ExtensibilityGlobals) = postSolution
		SolutionGuid = {F7CB23C8-14FE-4463-9623-939748EF1A8D}
	EndGlobalSection
EndGlobal
